{
  "name": "main",
  "version": "1.0.0",
  "lockfileVersion": 3,
  "requires": true,
  "packages": {
    "": {
      "name": "main",
      "version": "1.0.0",
      "license": "ISC",
      "dependencies": {
        "text-utils-count": "file:.."
      }
    },
    "..": {
      "name": "text-utils-count",
      "version": "1.0.0",
      "license": "ISC"
    },
    "node_modules/text-utils-count": {
      "resolved": "..",
      "link": true
    }
  }
}
