{
  "name": "hitung_nilai",
  "version": "1.0.0",
  "lockfileVersion": 3,
  "requires": true,
  "packages": {
    "": {
      "name": "hitung_nilai",
      "version": "1.0.0",
      "license": "ISC",
      "dependencies": {
        "contoh_mtk": "file:../contoh_mtk"
      }
    },
    "../contoh_mtk": {
      "version": "1.0.0",
      "license": "ISC"
    },
    "node_modules/contoh_mtk": {
      "resolved": "../contoh_mtk",
      "link": true
    }
  }
}
